
Microsoft Visual Studio Solution File, Format Version 12.00
# Visual Studio Version 17
VisualStudioVersion = 17.2.32630.192
MinimumVisualStudioVersion = 10.0.40219.1
Project("{9A19103F-16F7-4668-BE54-9A1E7A4F7556}") = "nthLink.Wpf", "nthLink.Wpf\nthLink.Wpf.csproj", "{0137F92A-71B5-4476-BD10-AC02E03817A6}"
EndProject
Project("{2150E333-8FDC-42A3-9474-1A3956D46DE8}") = "Solution Items", "Solution Items", "{A90087C5-FFBD-474F-AFF1-A14055986802}"
	ProjectSection(SolutionItems) = preProject
		.editorconfig = .editorconfig
	EndProjectSection
EndProject
Project("{8BC9CEB8-8B4A-11D0-8D11-00A0C91BC942}") = "Redirector", "..\netch\Redirector\Redirector.vcxproj", "{1676DEF3-FBE4-47D2-93A6-8F85EA2F5B74}"
EndProject
Project("{9A19103F-16F7-4668-BE54-9A1E7A4F7556}") = "nthLink.SDK", "nthLink-sdk-windows\nthLink.SDK\nthLink.SDK.csproj", "{1D9CB7D5-F259-42CF-9B36-AE98F206AB00}"
EndProject
Project("{9A19103F-16F7-4668-BE54-9A1E7A4F7556}") = "nthLink.Header", "nthLink-sdk-windows\nthLink.Header\nthLink.Header.csproj", "{EA3B7B7C-2EBA-42A0-8155-FD98BE6135BD}"
EndProject
Project("{9A19103F-16F7-4668-BE54-9A1E7A4F7556}") = "outline-sdk-windows", "outline-sdk-windows\outline-sdk-windows\outline-sdk-windows.csproj", "{4D292AF1-3A3C-47F7-A837-58448DEFA08A}"
EndProject
Project("{9A19103F-16F7-4668-BE54-9A1E7A4F7556}") = "DataProtector", "DataProtector-Windows\DataProtector.csproj", "{2EDD6421-0A73-4B46-B221-51F1B12A34E6}"
EndProject
Global
	GlobalSection(SolutionConfigurationPlatforms) = preSolution
		Debug|Any CPU = Debug|Any CPU
		Debug|x64 = Debug|x64
		Debug|x86 = Debug|x86
		Release|Any CPU = Release|Any CPU
		Release|x64 = Release|x64
		Release|x86 = Release|x86
	EndGlobalSection
	GlobalSection(ProjectConfigurationPlatforms) = postSolution
		{0137F92A-71B5-4476-BD10-AC02E03817A6}.Debug|Any CPU.ActiveCfg = Debug|x64
		{0137F92A-71B5-4476-BD10-AC02E03817A6}.Debug|Any CPU.Build.0 = Debug|x64
		{0137F92A-71B5-4476-BD10-AC02E03817A6}.Debug|x64.ActiveCfg = Debug|x64
		{0137F92A-71B5-4476-BD10-AC02E03817A6}.Debug|x64.Build.0 = Debug|x64
		{0137F92A-71B5-4476-BD10-AC02E03817A6}.Debug|x86.ActiveCfg = Debug|x86
		{0137F92A-71B5-4476-BD10-AC02E03817A6}.Debug|x86.Build.0 = Debug|x86
		{0137F92A-71B5-4476-BD10-AC02E03817A6}.Release|Any CPU.ActiveCfg = Release|x64
		{0137F92A-71B5-4476-BD10-AC02E03817A6}.Release|Any CPU.Build.0 = Release|x64
		{0137F92A-71B5-4476-BD10-AC02E03817A6}.Release|x64.ActiveCfg = Release|x64
		{0137F92A-71B5-4476-BD10-AC02E03817A6}.Release|x64.Build.0 = Release|x64
		{0137F92A-71B5-4476-BD10-AC02E03817A6}.Release|x86.ActiveCfg = Release|x86
		{0137F92A-71B5-4476-BD10-AC02E03817A6}.Release|x86.Build.0 = Release|x86
		{1676DEF3-FBE4-47D2-93A6-8F85EA2F5B74}.Debug|Any CPU.ActiveCfg = Debug|x64
		{1676DEF3-FBE4-47D2-93A6-8F85EA2F5B74}.Debug|x64.ActiveCfg = Debug|x64
		{1676DEF3-FBE4-47D2-93A6-8F85EA2F5B74}.Debug|x86.ActiveCfg = Debug|Win32
		{1676DEF3-FBE4-47D2-93A6-8F85EA2F5B74}.Release|Any CPU.ActiveCfg = Release|x64
		{1676DEF3-FBE4-47D2-93A6-8F85EA2F5B74}.Release|x64.ActiveCfg = Release|x64
		{1676DEF3-FBE4-47D2-93A6-8F85EA2F5B74}.Release|x86.ActiveCfg = Release|Win32
		{1D9CB7D5-F259-42CF-9B36-AE98F206AB00}.Debug|Any CPU.ActiveCfg = Debug|x64
		{1D9CB7D5-F259-42CF-9B36-AE98F206AB00}.Debug|Any CPU.Build.0 = Debug|x64
		{1D9CB7D5-F259-42CF-9B36-AE98F206AB00}.Debug|x64.ActiveCfg = Debug|x64
		{1D9CB7D5-F259-42CF-9B36-AE98F206AB00}.Debug|x64.Build.0 = Debug|x64
		{1D9CB7D5-F259-42CF-9B36-AE98F206AB00}.Debug|x86.ActiveCfg = Debug|x86
		{1D9CB7D5-F259-42CF-9B36-AE98F206AB00}.Debug|x86.Build.0 = Debug|x86
		{1D9CB7D5-F259-42CF-9B36-AE98F206AB00}.Release|Any CPU.ActiveCfg = Release|x64
		{1D9CB7D5-F259-42CF-9B36-AE98F206AB00}.Release|Any CPU.Build.0 = Release|x64
		{1D9CB7D5-F259-42CF-9B36-AE98F206AB00}.Release|x64.ActiveCfg = Release|x64
		{1D9CB7D5-F259-42CF-9B36-AE98F206AB00}.Release|x64.Build.0 = Release|x64
		{1D9CB7D5-F259-42CF-9B36-AE98F206AB00}.Release|x86.ActiveCfg = Release|x86
		{1D9CB7D5-F259-42CF-9B36-AE98F206AB00}.Release|x86.Build.0 = Release|x86
		{EA3B7B7C-2EBA-42A0-8155-FD98BE6135BD}.Debug|Any CPU.ActiveCfg = Debug|x64
		{EA3B7B7C-2EBA-42A0-8155-FD98BE6135BD}.Debug|Any CPU.Build.0 = Debug|x64
		{EA3B7B7C-2EBA-42A0-8155-FD98BE6135BD}.Debug|x64.ActiveCfg = Debug|x64
		{EA3B7B7C-2EBA-42A0-8155-FD98BE6135BD}.Debug|x64.Build.0 = Debug|x64
		{EA3B7B7C-2EBA-42A0-8155-FD98BE6135BD}.Debug|x86.ActiveCfg = Debug|x86
		{EA3B7B7C-2EBA-42A0-8155-FD98BE6135BD}.Debug|x86.Build.0 = Debug|x86
		{EA3B7B7C-2EBA-42A0-8155-FD98BE6135BD}.Release|Any CPU.ActiveCfg = Release|x64
		{EA3B7B7C-2EBA-42A0-8155-FD98BE6135BD}.Release|Any CPU.Build.0 = Release|x64
		{EA3B7B7C-2EBA-42A0-8155-FD98BE6135BD}.Release|x64.ActiveCfg = Release|x64
		{EA3B7B7C-2EBA-42A0-8155-FD98BE6135BD}.Release|x64.Build.0 = Release|x64
		{EA3B7B7C-2EBA-42A0-8155-FD98BE6135BD}.Release|x86.ActiveCfg = Release|x86
		{EA3B7B7C-2EBA-42A0-8155-FD98BE6135BD}.Release|x86.Build.0 = Release|x86
		{4D292AF1-3A3C-47F7-A837-58448DEFA08A}.Debug|Any CPU.ActiveCfg = Debug|x64
		{4D292AF1-3A3C-47F7-A837-58448DEFA08A}.Debug|Any CPU.Build.0 = Debug|x64
		{4D292AF1-3A3C-47F7-A837-58448DEFA08A}.Debug|x64.ActiveCfg = Debug|x64
		{4D292AF1-3A3C-47F7-A837-58448DEFA08A}.Debug|x64.Build.0 = Debug|x64
		{4D292AF1-3A3C-47F7-A837-58448DEFA08A}.Debug|x86.ActiveCfg = Debug|x86
		{4D292AF1-3A3C-47F7-A837-58448DEFA08A}.Debug|x86.Build.0 = Debug|x86
		{4D292AF1-3A3C-47F7-A837-58448DEFA08A}.Release|Any CPU.ActiveCfg = Release|x64
		{4D292AF1-3A3C-47F7-A837-58448DEFA08A}.Release|Any CPU.Build.0 = Release|x64
		{4D292AF1-3A3C-47F7-A837-58448DEFA08A}.Release|x64.ActiveCfg = Release|x64
		{4D292AF1-3A3C-47F7-A837-58448DEFA08A}.Release|x64.Build.0 = Release|x64
		{4D292AF1-3A3C-47F7-A837-58448DEFA08A}.Release|x86.ActiveCfg = Release|x86
		{4D292AF1-3A3C-47F7-A837-58448DEFA08A}.Release|x86.Build.0 = Release|x86
		{2EDD6421-0A73-4B46-B221-51F1B12A34E6}.Debug|Any CPU.ActiveCfg = Debug|x64
		{2EDD6421-0A73-4B46-B221-51F1B12A34E6}.Debug|Any CPU.Build.0 = Debug|x64
		{2EDD6421-0A73-4B46-B221-51F1B12A34E6}.Debug|x64.ActiveCfg = Debug|x64
		{2EDD6421-0A73-4B46-B221-51F1B12A34E6}.Debug|x64.Build.0 = Debug|x64
		{2EDD6421-0A73-4B46-B221-51F1B12A34E6}.Debug|x86.ActiveCfg = Debug|x86
		{2EDD6421-0A73-4B46-B221-51F1B12A34E6}.Debug|x86.Build.0 = Debug|x86
		{2EDD6421-0A73-4B46-B221-51F1B12A34E6}.Release|Any CPU.ActiveCfg = Release|x64
		{2EDD6421-0A73-4B46-B221-51F1B12A34E6}.Release|Any CPU.Build.0 = Release|x64
		{2EDD6421-0A73-4B46-B221-51F1B12A34E6}.Release|x64.ActiveCfg = Release|x64
		{2EDD6421-0A73-4B46-B221-51F1B12A34E6}.Release|x64.Build.0 = Release|x64
		{2EDD6421-0A73-4B46-B221-51F1B12A34E6}.Release|x86.ActiveCfg = Release|x86
		{2EDD6421-0A73-4B46-B221-51F1B12A34E6}.Release|x86.Build.0 = Release|x86
	EndGlobalSection
	GlobalSection(SolutionProperties) = preSolution
		HideSolutionNode = FALSE
	EndGlobalSection
	GlobalSection(ExtensibilityGlobals) = postSolution
		SolutionGuid = {E23E2227-2784-4DF1-8770-BD3C17E2BF0B}
	EndGlobalSection
EndGlobal
